
Microsoft Visual Studio Solution File, Format Version 12.00
Project("{FAE04EC0-301F-11D3-BF4B-00C04F79EFBC}") = "cars", "cars\cars.csproj", "{28F84AB2-4B09-4E65-9E81-5BD918BEFB0E}"
EndProject
Global
	GlobalSection(SolutionConfigurationPlatforms) = preSolution
		Debug|Any CPU = Debug|Any CPU
		Release|Any CPU = Release|Any CPU
	EndGlobalSection
	GlobalSection(ProjectConfigurationPlatforms) = postSolution
		{28F84AB2-4B09-4E65-9E81-5BD918BEFB0E}.Debug|Any CPU.ActiveCfg = Debug|Any CPU
		{28F84AB2-4B09-4E65-9E81-5BD918BEFB0E}.Debug|Any CPU.Build.0 = Debug|Any CPU
		{28F84AB2-4B09-4E65-9E81-5BD918BEFB0E}.Release|Any CPU.ActiveCfg = Release|Any CPU
		{28F84AB2-4B09-4E65-9E81-5BD918BEFB0E}.Release|Any CPU.Build.0 = Release|Any CPU
	EndGlobalSection
EndGlobal
